
Microsoft Visual Studio Solution File, Format Version 12.00
# Visual Studio Version 17
VisualStudioVersion = 17.3.32929.385
MinimumVisualStudioVersion = 10.0.40219.1
Project("{FAE04EC0-301F-11D3-BF4B-00C04F79EFBC}") = "IfElse", "IfElse.csproj", "{574D43DC-7905-4600-BEEE-4F61E75421F6}"
EndProject
Global
	GlobalSection(SolutionConfigurationPlatforms) = preSolution
		Debug|Any CPU = Debug|Any CPU
		Release|Any CPU = Release|Any CPU
	EndGlobalSection
	GlobalSection(ProjectConfigurationPlatforms) = postSolution
		{574D43DC-7905-4600-BEEE-4F61E75421F6}.Debug|Any CPU.ActiveCfg = Debug|Any CPU
		{574D43DC-7905-4600-BEEE-4F61E75421F6}.Debug|Any CPU.Build.0 = Debug|Any CPU
		{574D43DC-7905-4600-BEEE-4F61E75421F6}.Release|Any CPU.ActiveCfg = Release|Any CPU
		{574D43DC-7905-4600-BEEE-4F61E75421F6}.Release|Any CPU.Build.0 = Release|Any CPU
	EndGlobalSection
	GlobalSection(SolutionProperties) = preSolution
		HideSolutionNode = FALSE
	EndGlobalSection
	GlobalSection(ExtensibilityGlobals) = postSolution
		SolutionGuid = {6475617F-AF03-460D-B1C3-FA197860E14F}
	EndGlobalSection
EndGlobal
